// !$*UTF8*$!
{
	archiveVersion = 1;
	classes = {
	};
	objectVersion = 46;
	objects = {

/* Begin PBXBuildFile section */
		EBEA3F1B1CB61CEE00D5854B /* lab1a.c in Sources */ = {isa = PBXBuildFile; fileRef = EBEA3F1A1CB61CEE00D5854B /* lab1a.c */; };
/* End PBXBuildFile section */

/* Begin PBXCopyFilesBuildPhase section */
		EBEA3F151CB61CEE00D5854B /* CopyFiles */ = {
			isa = PBXCopyFilesBuildPhase;
			buildActionMask = 2147483647;
			dstPath = /usr/share/man/man1/;
			dstSubfolderSpec = 0;
			files = (
			);
			runOnlyForDeploymentPostprocessing = 1;
		};
/* End PBXCopyFilesBuildPhase section */

/* Begin PBXFileReference section */
		EBEA3F171CB61CEE00D5854B /* lab1a */ = {isa = PBXFileReference; explicitFileType = "compiled.mach-o.executable"; includeInIndex = 0; path = lab1a; sourceTree = BUILT_PRODUCTS_DIR; };
		EBEA3F1A1CB61CEE00D5854B /* lab1a.c */ = {isa = PBXFileReference; lastKnownFileType = sourcecode.c.c; path = lab1a.c; sourceTree = "<group>"; };
/* End PBXFileReference section */

/* Begin PBXFrameworksBuildPhase section */
		EBEA3F141CB61CEE00D5854B /* Frameworks */ = {
			isa = PBXFrameworksBuildPhase;
			buildActionMask = 2147483647;
			files = (
			);
			runOnlyForDeploymentPostprocessing = 0;
		};
/* End PBXFrameworksBuildPhase section */

/* Begin PBXGroup section */
		EBEA3F0E1CB61CEE00D5854B = {
			isa = PBXGroup;
			children = (
				EBEA3F191CB61CEE00D5854B /* lab1a */,
				EBEA3F181CB61CEE00D5854B /* Products */,
			);
			sourceTree = "<group>";
		};
		EBEA3F181CB61CEE00D5854B /* Products */ = {
			isa = PBXGroup;
			children = (
				EBEA3F171CB61CEE00D5854B /* lab1a */,
			);
			name = Products;
			sourceTree = "<group>";
		};
		EBEA3F191CB61CEE00D5854B /* lab1a */ = {
			isa = PBXGroup;
			children = (
				EBEA3F1A1CB61CEE00D5854B /* lab1a.c */,
			);
			path = lab1a;
			sourceTree = "<group>";
		};
/* End PBXGroup section */

/* Begin PBXNativeTarget section */
		EBEA3F161CB61CEE00D5854B /* lab1a */ = {
			isa = PBXNativeTarget;
			buildConfigurationList = EBEA3F1E1CB61CEE00D5854B /* Build configuration list for PBXNativeTarget "lab1a" */;
			buildPhases = (
				EBEA3F131CB61CEE00D5854B /* Sources */,
				EBEA3F141CB61CEE00D5854B /* Frameworks */,
				EBEA3F151CB61CEE00D5854B /* CopyFiles */,
			);
			buildRules = (
			);
			dependencies = (
			);
			name = lab1a;
			productName = lab1a;
			productReference = EBEA3F171CB61CEE00D5854B /* lab1a */;
			productType = "com.apple.product-type.tool";
		};
/* End PBXNativeTarget section */

/* Begin PBXProject section */
		EBEA3F0F1CB61CEE00D5854B /* Project object */ = {
			isa = PBXProject;
			attributes = {
				LastUpgradeCheck = 0620;
				ORGANIZATIONNAME = "wenhui kuang";
				TargetAttributes = {
					EBEA3F161CB61CEE00D5854B = {
						CreatedOnToolsVersion = 6.2;
					};
				};
			};
			buildConfigurationList = EBEA3F121CB61CEE00D5854B /* Build configuration list for PBXProject "lab1a" */;
			compatibilityVersion = "Xcode 3.2";
			developmentRegion = English;
			hasScannedForEncodings = 0;
			knownRegions = (
				en,
			);
			mainGroup = EBEA3F0E1CB61CEE00D5854B;
			productRefGroup = EBEA3F181CB61CEE00D5854B /* Products */;
			projectDirPath = "";
			projectRoot = "";
			targets = (
				EBEA3F161CB61CEE00D5854B /* lab1a */,
			);
		};
/* End PBXProject section */

/* Begin PBXSourcesBuildPhase section */
		EBEA3F131CB61CEE00D5854B /* Sources */ = {
			isa = PBXSourcesBuildPhase;
			buildActionMask = 2147483647;
			files = (
				EBEA3F1B1CB61CEE00D5854B /* lab1a.c in Sources */,
			);
			runOnlyForDeploymentPostprocessing = 0;
		};
/* End PBXSourcesBuildPhase section */

/* Begin XCBuildConfiguration section */
		EBEA3F1C1CB61CEE00D5854B /* Debug */ = {
			isa = XCBuildConfiguration;
			buildSettings = {
				ALWAYS_SEARCH_USER_PATHS = NO;
				CLANG_CXX_LANGUAGE_STANDARD = "gnu++0x";
				CLANG_CXX_LIBRARY = "libc++";
				CLANG_ENABLE_MODULES = YES;
				CLANG_ENABLE_OBJC_ARC = YES;
				CLANG_WARN_BOOL_CONVERSION = YES;
				CLANG_WARN_CONSTANT_CONVERSION = YES;
				CLANG_WARN_DIRECT_OBJC_ISA_USAGE = YES_ERROR;
				CLANG_WARN_EMPTY_BODY = YES;
				CLANG_WARN_ENUM_CONVERSION = YES;
				CLANG_WARN_INT_CONVERSION = YES;
				CLANG_WARN_OBJC_ROOT_CLASS = YES_ERROR;
				CLANG_WARN_UNREACHABLE_CODE = YES;
				CLANG_WARN__DUPLICATE_METHOD_MATCH = YES;
				COPY_PHASE_STRIP = NO;
				ENABLE_STRICT_OBJC_MSGSEND = YES;
				GCC_C_LANGUAGE_STANDARD = gnu99;
				GCC_DYNAMIC_NO_PIC = NO;
				GCC_OPTIMIZATION_LEVEL = 0;
				GCC_PREPROCESSOR_DEFINITIONS = (
					"DEBUG=1",
					"$(inherited)",
				);
				GCC_SYMBOLS_PRIVATE_EXTERN = NO;
				GCC_WARN_64_TO_32_BIT_CONVERSION = YES;
				GCC_WARN_ABOUT_RETURN_TYPE = YES_ERROR;
				GCC_WARN_UNDECLARED_SELECTOR = YES;
				GCC_WARN_UNINITIALIZED_AUTOS = YES_AGGRESSIVE;
				GCC_WARN_UNUSED_FUNCTION = YES;
				GCC_WARN_UNUSED_VARIABLE = YES;
				MACOSX_DEPLOYMENT_TARGET = 10.9;
				MTL_ENABLE_DEBUG_INFO = YES;
				ONLY_ACTIVE_ARCH = YES;
				SDKROOT = macosx;
			};
			name = Debug;
		};
		EBEA3F1D1CB61CEE00D5854B /* Release */ = {
			isa = XCBuildConfiguration;
			buildSettings = {
				ALWAYS_SEARCH_USER_PATHS = NO;
				CLANG_CXX_LANGUAGE_STANDARD = "gnu++0x";
				CLANG_CXX_LIBRARY = "libc++";
				CLANG_ENABLE_MODULES = YES;
				CLANG_ENABLE_OBJC_ARC = YES;
				CLANG_WARN_BOOL_CONVERSION = YES;
				CLANG_WARN_CONSTANT_CONVERSION = YES;
				CLANG_WARN_DIRECT_OBJC_ISA_USAGE = YES_ERROR;
				CLANG_WARN_EMPTY_BODY = YES;
				CLANG_WARN_ENUM_CONVERSION = YES;
				CLANG_WARN_INT_CONVERSION = YES;
				CLANG_WARN_OBJC_ROOT_CLASS = YES_ERROR;
				CLANG_WARN_UNREACHABLE_CODE = YES;
				CLANG_WARN__DUPLICATE_METHOD_MATCH = YES;
				COPY_PHASE_STRIP = NO;
				DEBUG_INFORMATION_FORMAT = "dwarf-with-dsym";
				ENABLE_NS_ASSERTIONS = NO;
				ENABLE_STRICT_OBJC_MSGSEND = YES;
				GCC_C_LANGUAGE_STANDARD = gnu99;
				GCC_WARN_64_TO_32_BIT_CONVERSION = YES;
				GCC_WARN_ABOUT_RETURN_TYPE = YES_ERROR;
				GCC_WARN_UNDECLARED_SELECTOR = YES;
				GCC_WARN_UNINITIALIZED_AUTOS = YES_AGGRESSIVE;
				GCC_WARN_UNUSED_FUNCTION = YES;
				GCC_WARN_UNUSED_VARIABLE = YES;
				MACOSX_DEPLOYMENT_TARGET = 10.9;
				MTL_ENABLE_DEBUG_INFO = NO;
				SDKROOT = macosx;
			};
			name = Release;
		};
		EBEA3F1F1CB61CEE00D5854B /* Debug */ = {
			isa = XCBuildConfiguration;
			buildSettings = {
				PRODUCT_NAME = "$(TARGET_NAME)";
			};
			name = Debug;
		};
		EBEA3F201CB61CEE00D5854B /* Release */ = {
			isa = XCBuildConfiguration;
			buildSettings = {
				PRODUCT_NAME = "$(TARGET_NAME)";
			};
			name = Release;
		};
/* End XCBuildConfiguration section */

/* Begin XCConfigurationList section */
		EBEA3F121CB61CEE00D5854B /* Build configuration list for PBXProject "lab1a" */ = {
			isa = XCConfigurationList;
			buildConfigurations = (
				EBEA3F1C1CB61CEE00D5854B /* Debug */,
				EBEA3F1D1CB61CEE00D5854B /* Release */,
			);
			defaultConfigurationIsVisible = 0;
			defaultConfigurationName = Release;
		};
		EBEA3F1E1CB61CEE00D5854B /* Build configuration list for PBXNativeTarget "lab1a" */ = {
			isa = XCConfigurationList;
			buildConfigurations = (
				EBEA3F1F1CB61CEE00D5854B /* Debug */,
				EBEA3F201CB61CEE00D5854B /* Release */,
			);
			defaultConfigurationIsVisible = 0;
			defaultConfigurationName = Release;
		};
/* End XCConfigurationList section */
	};
	rootObject = EBEA3F0F1CB61CEE00D5854B /* Project object */;
}
