// !$*UTF8*$!
{
	archiveVersion = 1;
	classes = {
	};
	objectVersion = 46;
	objects = {

/* Begin PBXBuildFile section */
		EBDE9D1F1CE78D5F00291F5C /* lab3a.c in Sources */ = {isa = PBXBuildFile; fileRef = EBDE9D1E1CE78D5F00291F5C /* lab3a.c */; };
/* End PBXBuildFile section */

/* Begin PBXCopyFilesBuildPhase section */
		EBDE9D191CE78D5F00291F5C /* CopyFiles */ = {
			isa = PBXCopyFilesBuildPhase;
			buildActionMask = 2147483647;
			dstPath = /usr/share/man/man1/;
			dstSubfolderSpec = 0;
			files = (
			);
			runOnlyForDeploymentPostprocessing = 1;
		};
/* End PBXCopyFilesBuildPhase section */

/* Begin PBXFileReference section */
		EBDE9D1B1CE78D5F00291F5C /* lab3a */ = {isa = PBXFileReference; explicitFileType = "compiled.mach-o.executable"; includeInIndex = 0; path = lab3a; sourceTree = BUILT_PRODUCTS_DIR; };
		EBDE9D1E1CE78D5F00291F5C /* lab3a.c */ = {isa = PBXFileReference; lastKnownFileType = sourcecode.c.c; path = lab3a.c; sourceTree = "<group>"; };
/* End PBXFileReference section */

/* Begin PBXFrameworksBuildPhase section */
		EBDE9D181CE78D5F00291F5C /* Frameworks */ = {
			isa = PBXFrameworksBuildPhase;
			buildActionMask = 2147483647;
			files = (
			);
			runOnlyForDeploymentPostprocessing = 0;
		};
/* End PBXFrameworksBuildPhase section */

/* Begin PBXGroup section */
		EBDE9D121CE78D5F00291F5C = {
			isa = PBXGroup;
			children = (
				EBDE9D1D1CE78D5F00291F5C /* lab3a */,
				EBDE9D1C1CE78D5F00291F5C /* Products */,
			);
			sourceTree = "<group>";
		};
		EBDE9D1C1CE78D5F00291F5C /* Products */ = {
			isa = PBXGroup;
			children = (
				EBDE9D1B1CE78D5F00291F5C /* lab3a */,
			);
			name = Products;
			sourceTree = "<group>";
		};
		EBDE9D1D1CE78D5F00291F5C /* lab3a */ = {
			isa = PBXGroup;
			children = (
				EBDE9D1E1CE78D5F00291F5C /* lab3a.c */,
			);
			path = lab3a;
			sourceTree = "<group>";
		};
/* End PBXGroup section */

/* Begin PBXNativeTarget section */
		EBDE9D1A1CE78D5F00291F5C /* lab3a */ = {
			isa = PBXNativeTarget;
			buildConfigurationList = EBDE9D221CE78D5F00291F5C /* Build configuration list for PBXNativeTarget "lab3a" */;
			buildPhases = (
				EBDE9D171CE78D5F00291F5C /* Sources */,
				EBDE9D181CE78D5F00291F5C /* Frameworks */,
				EBDE9D191CE78D5F00291F5C /* CopyFiles */,
			);
			buildRules = (
			);
			dependencies = (
			);
			name = lab3a;
			productName = lab3a;
			productReference = EBDE9D1B1CE78D5F00291F5C /* lab3a */;
			productType = "com.apple.product-type.tool";
		};
/* End PBXNativeTarget section */

/* Begin PBXProject section */
		EBDE9D131CE78D5F00291F5C /* Project object */ = {
			isa = PBXProject;
			attributes = {
				LastUpgradeCheck = 0620;
				ORGANIZATIONNAME = "wenhui kuang";
				TargetAttributes = {
					EBDE9D1A1CE78D5F00291F5C = {
						CreatedOnToolsVersion = 6.2;
					};
				};
			};
			buildConfigurationList = EBDE9D161CE78D5F00291F5C /* Build configuration list for PBXProject "lab3a" */;
			compatibilityVersion = "Xcode 3.2";
			developmentRegion = English;
			hasScannedForEncodings = 0;
			knownRegions = (
				en,
			);
			mainGroup = EBDE9D121CE78D5F00291F5C;
			productRefGroup = EBDE9D1C1CE78D5F00291F5C /* Products */;
			projectDirPath = "";
			projectRoot = "";
			targets = (
				EBDE9D1A1CE78D5F00291F5C /* lab3a */,
			);
		};
/* End PBXProject section */

/* Begin PBXSourcesBuildPhase section */
		EBDE9D171CE78D5F00291F5C /* Sources */ = {
			isa = PBXSourcesBuildPhase;
			buildActionMask = 2147483647;
			files = (
				EBDE9D1F1CE78D5F00291F5C /* lab3a.c in Sources */,
			);
			runOnlyForDeploymentPostprocessing = 0;
		};
/* End PBXSourcesBuildPhase section */

/* Begin XCBuildConfiguration section */
		EBDE9D201CE78D5F00291F5C /* Debug */ = {
			isa = XCBuildConfiguration;
			buildSettings = {
				ALWAYS_SEARCH_USER_PATHS = NO;
				CLANG_CXX_LANGUAGE_STANDARD = "gnu++0x";
				CLANG_CXX_LIBRARY = "libc++";
				CLANG_ENABLE_MODULES = YES;
				CLANG_ENABLE_OBJC_ARC = YES;
				CLANG_WARN_BOOL_CONVERSION = YES;
				CLANG_WARN_CONSTANT_CONVERSION = YES;
				CLANG_WARN_DIRECT_OBJC_ISA_USAGE = YES_ERROR;
				CLANG_WARN_EMPTY_BODY = YES;
				CLANG_WARN_ENUM_CONVERSION = YES;
				CLANG_WARN_INT_CONVERSION = YES;
				CLANG_WARN_OBJC_ROOT_CLASS = YES_ERROR;
				CLANG_WARN_UNREACHABLE_CODE = YES;
				CLANG_WARN__DUPLICATE_METHOD_MATCH = YES;
				COPY_PHASE_STRIP = NO;
				ENABLE_STRICT_OBJC_MSGSEND = YES;
				GCC_C_LANGUAGE_STANDARD = gnu99;
				GCC_DYNAMIC_NO_PIC = NO;
				GCC_OPTIMIZATION_LEVEL = 0;
				GCC_PREPROCESSOR_DEFINITIONS = (
					"DEBUG=1",
					"$(inherited)",
				);
				GCC_SYMBOLS_PRIVATE_EXTERN = NO;
				GCC_WARN_64_TO_32_BIT_CONVERSION = YES;
				GCC_WARN_ABOUT_RETURN_TYPE = YES_ERROR;
				GCC_WARN_UNDECLARED_SELECTOR = YES;
				GCC_WARN_UNINITIALIZED_AUTOS = YES_AGGRESSIVE;
				GCC_WARN_UNUSED_FUNCTION = YES;
				GCC_WARN_UNUSED_VARIABLE = YES;
				MACOSX_DEPLOYMENT_TARGET = 10.9;
				MTL_ENABLE_DEBUG_INFO = YES;
				ONLY_ACTIVE_ARCH = YES;
				SDKROOT = macosx;
			};
			name = Debug;
		};
		EBDE9D211CE78D5F00291F5C /* Release */ = {
			isa = XCBuildConfiguration;
			buildSettings = {
				ALWAYS_SEARCH_USER_PATHS = NO;
				CLANG_CXX_LANGUAGE_STANDARD = "gnu++0x";
				CLANG_CXX_LIBRARY = "libc++";
				CLANG_ENABLE_MODULES = YES;
				CLANG_ENABLE_OBJC_ARC = YES;
				CLANG_WARN_BOOL_CONVERSION = YES;
				CLANG_WARN_CONSTANT_CONVERSION = YES;
				CLANG_WARN_DIRECT_OBJC_ISA_USAGE = YES_ERROR;
				CLANG_WARN_EMPTY_BODY = YES;
				CLANG_WARN_ENUM_CONVERSION = YES;
				CLANG_WARN_INT_CONVERSION = YES;
				CLANG_WARN_OBJC_ROOT_CLASS = YES_ERROR;
				CLANG_WARN_UNREACHABLE_CODE = YES;
				CLANG_WARN__DUPLICATE_METHOD_MATCH = YES;
				COPY_PHASE_STRIP = NO;
				DEBUG_INFORMATION_FORMAT = "dwarf-with-dsym";
				ENABLE_NS_ASSERTIONS = NO;
				ENABLE_STRICT_OBJC_MSGSEND = YES;
				GCC_C_LANGUAGE_STANDARD = gnu99;
				GCC_WARN_64_TO_32_BIT_CONVERSION = YES;
				GCC_WARN_ABOUT_RETURN_TYPE = YES_ERROR;
				GCC_WARN_UNDECLARED_SELECTOR = YES;
				GCC_WARN_UNINITIALIZED_AUTOS = YES_AGGRESSIVE;
				GCC_WARN_UNUSED_FUNCTION = YES;
				GCC_WARN_UNUSED_VARIABLE = YES;
				MACOSX_DEPLOYMENT_TARGET = 10.9;
				MTL_ENABLE_DEBUG_INFO = NO;
				SDKROOT = macosx;
			};
			name = Release;
		};
		EBDE9D231CE78D5F00291F5C /* Debug */ = {
			isa = XCBuildConfiguration;
			buildSettings = {
				PRODUCT_NAME = "$(TARGET_NAME)";
			};
			name = Debug;
		};
		EBDE9D241CE78D5F00291F5C /* Release */ = {
			isa = XCBuildConfiguration;
			buildSettings = {
				PRODUCT_NAME = "$(TARGET_NAME)";
			};
			name = Release;
		};
/* End XCBuildConfiguration section */

/* Begin XCConfigurationList section */
		EBDE9D161CE78D5F00291F5C /* Build configuration list for PBXProject "lab3a" */ = {
			isa = XCConfigurationList;
			buildConfigurations = (
				EBDE9D201CE78D5F00291F5C /* Debug */,
				EBDE9D211CE78D5F00291F5C /* Release */,
			);
			defaultConfigurationIsVisible = 0;
			defaultConfigurationName = Release;
		};
		EBDE9D221CE78D5F00291F5C /* Build configuration list for PBXNativeTarget "lab3a" */ = {
			isa = XCConfigurationList;
			buildConfigurations = (
				EBDE9D231CE78D5F00291F5C /* Debug */,
				EBDE9D241CE78D5F00291F5C /* Release */,
			);
			defaultConfigurationIsVisible = 0;
		};
/* End XCConfigurationList section */
	};
	rootObject = EBDE9D131CE78D5F00291F5C /* Project object */;
}
