// !$*UTF8*$!
{
	archiveVersion = 1;
	classes = {
	};
	objectVersion = 46;
	objects = {

/* Begin PBXBuildFile section */
		EBBFB3F91C6BE9570014C3C2 /* main.cpp in Sources */ = {isa = PBXBuildFile; fileRef = EBBFB3F71C6BE9570014C3C2 /* main.cpp */; };
/* End PBXBuildFile section */

/* Begin PBXCopyFilesBuildPhase section */
		EBBFB3EB1C6BE9400014C3C2 /* CopyFiles */ = {
			isa = PBXCopyFilesBuildPhase;
			buildActionMask = 2147483647;
			dstPath = /usr/share/man/man1/;
			dstSubfolderSpec = 0;
			files = (
			);
			runOnlyForDeploymentPostprocessing = 1;
		};
/* End PBXCopyFilesBuildPhase section */

/* Begin PBXFileReference section */
		EBBFB3ED1C6BE9400014C3C2 /* Project3 warmup */ = {isa = PBXFileReference; explicitFileType = "compiled.mach-o.executable"; includeInIndex = 0; path = "Project3 warmup"; sourceTree = BUILT_PRODUCTS_DIR; };
		EBBFB3F71C6BE9570014C3C2 /* main.cpp */ = {isa = PBXFileReference; fileEncoding = 4; lastKnownFileType = sourcecode.cpp.cpp; path = main.cpp; sourceTree = "<group>"; };
/* End PBXFileReference section */

/* Begin PBXFrameworksBuildPhase section */
		EBBFB3EA1C6BE9400014C3C2 /* Frameworks */ = {
			isa = PBXFrameworksBuildPhase;
			buildActionMask = 2147483647;
			files = (
			);
			runOnlyForDeploymentPostprocessing = 0;
		};
/* End PBXFrameworksBuildPhase section */

/* Begin PBXGroup section */
		EBBFB3E41C6BE9400014C3C2 = {
			isa = PBXGroup;
			children = (
				EBBFB3EF1C6BE9400014C3C2 /* Project3 warmup */,
				EBBFB3EE1C6BE9400014C3C2 /* Products */,
			);
			sourceTree = "<group>";
		};
		EBBFB3EE1C6BE9400014C3C2 /* Products */ = {
			isa = PBXGroup;
			children = (
				EBBFB3ED1C6BE9400014C3C2 /* Project3 warmup */,
			);
			name = Products;
			sourceTree = "<group>";
		};
		EBBFB3EF1C6BE9400014C3C2 /* Project3 warmup */ = {
			isa = PBXGroup;
			children = (
				EBBFB3F71C6BE9570014C3C2 /* main.cpp */,
			);
			path = "Project3 warmup";
			sourceTree = "<group>";
		};
/* End PBXGroup section */

/* Begin PBXNativeTarget section */
		EBBFB3EC1C6BE9400014C3C2 /* Project3 warmup */ = {
			isa = PBXNativeTarget;
			buildConfigurationList = EBBFB3F41C6BE9400014C3C2 /* Build configuration list for PBXNativeTarget "Project3 warmup" */;
			buildPhases = (
				EBBFB3E91C6BE9400014C3C2 /* Sources */,
				EBBFB3EA1C6BE9400014C3C2 /* Frameworks */,
				EBBFB3EB1C6BE9400014C3C2 /* CopyFiles */,
			);
			buildRules = (
			);
			dependencies = (
			);
			name = "Project3 warmup";
			productName = "Project3 warmup";
			productReference = EBBFB3ED1C6BE9400014C3C2 /* Project3 warmup */;
			productType = "com.apple.product-type.tool";
		};
/* End PBXNativeTarget section */

/* Begin PBXProject section */
		EBBFB3E51C6BE9400014C3C2 /* Project object */ = {
			isa = PBXProject;
			attributes = {
				LastUpgradeCheck = 0620;
				ORGANIZATIONNAME = "wenhui kuang";
				TargetAttributes = {
					EBBFB3EC1C6BE9400014C3C2 = {
						CreatedOnToolsVersion = 6.2;
					};
				};
			};
			buildConfigurationList = EBBFB3E81C6BE9400014C3C2 /* Build configuration list for PBXProject "Project3 warmup" */;
			compatibilityVersion = "Xcode 3.2";
			developmentRegion = English;
			hasScannedForEncodings = 0;
			knownRegions = (
				en,
			);
			mainGroup = EBBFB3E41C6BE9400014C3C2;
			productRefGroup = EBBFB3EE1C6BE9400014C3C2 /* Products */;
			projectDirPath = "";
			projectRoot = "";
			targets = (
				EBBFB3EC1C6BE9400014C3C2 /* Project3 warmup */,
			);
		};
/* End PBXProject section */

/* Begin PBXSourcesBuildPhase section */
		EBBFB3E91C6BE9400014C3C2 /* Sources */ = {
			isa = PBXSourcesBuildPhase;
			buildActionMask = 2147483647;
			files = (
				EBBFB3F91C6BE9570014C3C2 /* main.cpp in Sources */,
			);
			runOnlyForDeploymentPostprocessing = 0;
		};
/* End PBXSourcesBuildPhase section */

/* Begin XCBuildConfiguration section */
		EBBFB3F21C6BE9400014C3C2 /* Debug */ = {
			isa = XCBuildConfiguration;
			buildSettings = {
				ALWAYS_SEARCH_USER_PATHS = NO;
				CLANG_CXX_LANGUAGE_STANDARD = "gnu++0x";
				CLANG_CXX_LIBRARY = "libc++";
				CLANG_ENABLE_MODULES = YES;
				CLANG_ENABLE_OBJC_ARC = YES;
				CLANG_WARN_BOOL_CONVERSION = YES;
				CLANG_WARN_CONSTANT_CONVERSION = YES;
				CLANG_WARN_DIRECT_OBJC_ISA_USAGE = YES_ERROR;
				CLANG_WARN_EMPTY_BODY = YES;
				CLANG_WARN_ENUM_CONVERSION = YES;
				CLANG_WARN_INT_CONVERSION = YES;
				CLANG_WARN_OBJC_ROOT_CLASS = YES_ERROR;
				CLANG_WARN_UNREACHABLE_CODE = YES;
				CLANG_WARN__DUPLICATE_METHOD_MATCH = YES;
				COPY_PHASE_STRIP = NO;
				ENABLE_STRICT_OBJC_MSGSEND = YES;
				GCC_C_LANGUAGE_STANDARD = gnu99;
				GCC_DYNAMIC_NO_PIC = NO;
				GCC_OPTIMIZATION_LEVEL = 0;
				GCC_PREPROCESSOR_DEFINITIONS = (
					"DEBUG=1",
					"$(inherited)",
				);
				GCC_SYMBOLS_PRIVATE_EXTERN = NO;
				GCC_WARN_64_TO_32_BIT_CONVERSION = YES;
				GCC_WARN_ABOUT_RETURN_TYPE = YES_ERROR;
				GCC_WARN_UNDECLARED_SELECTOR = YES;
				GCC_WARN_UNINITIALIZED_AUTOS = YES_AGGRESSIVE;
				GCC_WARN_UNUSED_FUNCTION = YES;
				GCC_WARN_UNUSED_VARIABLE = YES;
				MACOSX_DEPLOYMENT_TARGET = 10.9;
				MTL_ENABLE_DEBUG_INFO = YES;
				ONLY_ACTIVE_ARCH = YES;
				SDKROOT = macosx;
			};
			name = Debug;
		};
		EBBFB3F31C6BE9400014C3C2 /* Release */ = {
			isa = XCBuildConfiguration;
			buildSettings = {
				ALWAYS_SEARCH_USER_PATHS = NO;
				CLANG_CXX_LANGUAGE_STANDARD = "gnu++0x";
				CLANG_CXX_LIBRARY = "libc++";
				CLANG_ENABLE_MODULES = YES;
				CLANG_ENABLE_OBJC_ARC = YES;
				CLANG_WARN_BOOL_CONVERSION = YES;
				CLANG_WARN_CONSTANT_CONVERSION = YES;
				CLANG_WARN_DIRECT_OBJC_ISA_USAGE = YES_ERROR;
				CLANG_WARN_EMPTY_BODY = YES;
				CLANG_WARN_ENUM_CONVERSION = YES;
				CLANG_WARN_INT_CONVERSION = YES;
				CLANG_WARN_OBJC_ROOT_CLASS = YES_ERROR;
				CLANG_WARN_UNREACHABLE_CODE = YES;
				CLANG_WARN__DUPLICATE_METHOD_MATCH = YES;
				COPY_PHASE_STRIP = NO;
				DEBUG_INFORMATION_FORMAT = "dwarf-with-dsym";
				ENABLE_NS_ASSERTIONS = NO;
				ENABLE_STRICT_OBJC_MSGSEND = YES;
				GCC_C_LANGUAGE_STANDARD = gnu99;
				GCC_WARN_64_TO_32_BIT_CONVERSION = YES;
				GCC_WARN_ABOUT_RETURN_TYPE = YES_ERROR;
				GCC_WARN_UNDECLARED_SELECTOR = YES;
				GCC_WARN_UNINITIALIZED_AUTOS = YES_AGGRESSIVE;
				GCC_WARN_UNUSED_FUNCTION = YES;
				GCC_WARN_UNUSED_VARIABLE = YES;
				MACOSX_DEPLOYMENT_TARGET = 10.9;
				MTL_ENABLE_DEBUG_INFO = NO;
				SDKROOT = macosx;
			};
			name = Release;
		};
		EBBFB3F51C6BE9400014C3C2 /* Debug */ = {
			isa = XCBuildConfiguration;
			buildSettings = {
				PRODUCT_NAME = "$(TARGET_NAME)";
			};
			name = Debug;
		};
		EBBFB3F61C6BE9400014C3C2 /* Release */ = {
			isa = XCBuildConfiguration;
			buildSettings = {
				PRODUCT_NAME = "$(TARGET_NAME)";
			};
			name = Release;
		};
/* End XCBuildConfiguration section */

/* Begin XCConfigurationList section */
		EBBFB3E81C6BE9400014C3C2 /* Build configuration list for PBXProject "Project3 warmup" */ = {
			isa = XCConfigurationList;
			buildConfigurations = (
				EBBFB3F21C6BE9400014C3C2 /* Debug */,
				EBBFB3F31C6BE9400014C3C2 /* Release */,
			);
			defaultConfigurationIsVisible = 0;
			defaultConfigurationName = Release;
		};
		EBBFB3F41C6BE9400014C3C2 /* Build configuration list for PBXNativeTarget "Project3 warmup" */ = {
			isa = XCConfigurationList;
			buildConfigurations = (
				EBBFB3F51C6BE9400014C3C2 /* Debug */,
				EBBFB3F61C6BE9400014C3C2 /* Release */,
			);
			defaultConfigurationIsVisible = 0;
		};
/* End XCConfigurationList section */
	};
	rootObject = EBBFB3E51C6BE9400014C3C2 /* Project object */;
}
