// !$*UTF8*$!
{
	archiveVersion = 1;
	classes = {
	};
	objectVersion = 46;
	objects = {

/* Begin PBXBuildFile section */
		EBA6A77B1C5ECC28006BB743 /* main.cpp in Sources */ = {isa = PBXBuildFile; fileRef = EBA6A77A1C5ECC28006BB743 /* main.cpp */; };
		EBA6A7831C5EE482006BB743 /* Circular array.cpp in Sources */ = {isa = PBXBuildFile; fileRef = EBA6A7811C5EE482006BB743 /* Circular array.cpp */; };
/* End PBXBuildFile section */

/* Begin PBXCopyFilesBuildPhase section */
		EBA6A7751C5ECC28006BB743 /* CopyFiles */ = {
			isa = PBXCopyFilesBuildPhase;
			buildActionMask = 2147483647;
			dstPath = /usr/share/man/man1/;
			dstSubfolderSpec = 0;
			files = (
			);
			runOnlyForDeploymentPostprocessing = 1;
		};
/* End PBXCopyFilesBuildPhase section */

/* Begin PBXFileReference section */
		EBA6A7771C5ECC28006BB743 /* circlular array */ = {isa = PBXFileReference; explicitFileType = "compiled.mach-o.executable"; includeInIndex = 0; path = "circlular array"; sourceTree = BUILT_PRODUCTS_DIR; };
		EBA6A77A1C5ECC28006BB743 /* main.cpp */ = {isa = PBXFileReference; lastKnownFileType = sourcecode.cpp.cpp; path = main.cpp; sourceTree = "<group>"; };
		EBA6A7811C5EE482006BB743 /* Circular array.cpp */ = {isa = PBXFileReference; fileEncoding = 4; lastKnownFileType = sourcecode.cpp.cpp; path = "Circular array.cpp"; sourceTree = "<group>"; };
		EBA6A7821C5EE482006BB743 /* Circular array.h */ = {isa = PBXFileReference; fileEncoding = 4; lastKnownFileType = sourcecode.c.h; path = "Circular array.h"; sourceTree = "<group>"; };
/* End PBXFileReference section */

/* Begin PBXFrameworksBuildPhase section */
		EBA6A7741C5ECC28006BB743 /* Frameworks */ = {
			isa = PBXFrameworksBuildPhase;
			buildActionMask = 2147483647;
			files = (
			);
			runOnlyForDeploymentPostprocessing = 0;
		};
/* End PBXFrameworksBuildPhase section */

/* Begin PBXGroup section */
		EBA6A76E1C5ECC28006BB743 = {
			isa = PBXGroup;
			children = (
				EBA6A7791C5ECC28006BB743 /* circlular array */,
				EBA6A7781C5ECC28006BB743 /* Products */,
			);
			sourceTree = "<group>";
		};
		EBA6A7781C5ECC28006BB743 /* Products */ = {
			isa = PBXGroup;
			children = (
				EBA6A7771C5ECC28006BB743 /* circlular array */,
			);
			name = Products;
			sourceTree = "<group>";
		};
		EBA6A7791C5ECC28006BB743 /* circlular array */ = {
			isa = PBXGroup;
			children = (
				EBA6A77A1C5ECC28006BB743 /* main.cpp */,
				EBA6A7811C5EE482006BB743 /* Circular array.cpp */,
				EBA6A7821C5EE482006BB743 /* Circular array.h */,
			);
			path = "circlular array";
			sourceTree = "<group>";
		};
/* End PBXGroup section */

/* Begin PBXNativeTarget section */
		EBA6A7761C5ECC28006BB743 /* circlular array */ = {
			isa = PBXNativeTarget;
			buildConfigurationList = EBA6A77E1C5ECC28006BB743 /* Build configuration list for PBXNativeTarget "circlular array" */;
			buildPhases = (
				EBA6A7731C5ECC28006BB743 /* Sources */,
				EBA6A7741C5ECC28006BB743 /* Frameworks */,
				EBA6A7751C5ECC28006BB743 /* CopyFiles */,
			);
			buildRules = (
			);
			dependencies = (
			);
			name = "circlular array";
			productName = "circlular array";
			productReference = EBA6A7771C5ECC28006BB743 /* circlular array */;
			productType = "com.apple.product-type.tool";
		};
/* End PBXNativeTarget section */

/* Begin PBXProject section */
		EBA6A76F1C5ECC28006BB743 /* Project object */ = {
			isa = PBXProject;
			attributes = {
				LastUpgradeCheck = 0620;
				ORGANIZATIONNAME = "wenhui kuang";
				TargetAttributes = {
					EBA6A7761C5ECC28006BB743 = {
						CreatedOnToolsVersion = 6.2;
					};
				};
			};
			buildConfigurationList = EBA6A7721C5ECC28006BB743 /* Build configuration list for PBXProject "circlular array" */;
			compatibilityVersion = "Xcode 3.2";
			developmentRegion = English;
			hasScannedForEncodings = 0;
			knownRegions = (
				en,
			);
			mainGroup = EBA6A76E1C5ECC28006BB743;
			productRefGroup = EBA6A7781C5ECC28006BB743 /* Products */;
			projectDirPath = "";
			projectRoot = "";
			targets = (
				EBA6A7761C5ECC28006BB743 /* circlular array */,
			);
		};
/* End PBXProject section */

/* Begin PBXSourcesBuildPhase section */
		EBA6A7731C5ECC28006BB743 /* Sources */ = {
			isa = PBXSourcesBuildPhase;
			buildActionMask = 2147483647;
			files = (
				EBA6A77B1C5ECC28006BB743 /* main.cpp in Sources */,
				EBA6A7831C5EE482006BB743 /* Circular array.cpp in Sources */,
			);
			runOnlyForDeploymentPostprocessing = 0;
		};
/* End PBXSourcesBuildPhase section */

/* Begin XCBuildConfiguration section */
		EBA6A77C1C5ECC28006BB743 /* Debug */ = {
			isa = XCBuildConfiguration;
			buildSettings = {
				ALWAYS_SEARCH_USER_PATHS = NO;
				CLANG_CXX_LANGUAGE_STANDARD = "gnu++0x";
				CLANG_CXX_LIBRARY = "libc++";
				CLANG_ENABLE_MODULES = YES;
				CLANG_ENABLE_OBJC_ARC = YES;
				CLANG_WARN_BOOL_CONVERSION = YES;
				CLANG_WARN_CONSTANT_CONVERSION = YES;
				CLANG_WARN_DIRECT_OBJC_ISA_USAGE = YES_ERROR;
				CLANG_WARN_EMPTY_BODY = YES;
				CLANG_WARN_ENUM_CONVERSION = YES;
				CLANG_WARN_INT_CONVERSION = YES;
				CLANG_WARN_OBJC_ROOT_CLASS = YES_ERROR;
				CLANG_WARN_UNREACHABLE_CODE = YES;
				CLANG_WARN__DUPLICATE_METHOD_MATCH = YES;
				COPY_PHASE_STRIP = NO;
				ENABLE_STRICT_OBJC_MSGSEND = YES;
				GCC_C_LANGUAGE_STANDARD = gnu99;
				GCC_DYNAMIC_NO_PIC = NO;
				GCC_OPTIMIZATION_LEVEL = 0;
				GCC_PREPROCESSOR_DEFINITIONS = (
					"DEBUG=1",
					"$(inherited)",
				);
				GCC_SYMBOLS_PRIVATE_EXTERN = NO;
				GCC_WARN_64_TO_32_BIT_CONVERSION = YES;
				GCC_WARN_ABOUT_RETURN_TYPE = YES_ERROR;
				GCC_WARN_UNDECLARED_SELECTOR = YES;
				GCC_WARN_UNINITIALIZED_AUTOS = YES_AGGRESSIVE;
				GCC_WARN_UNUSED_FUNCTION = YES;
				GCC_WARN_UNUSED_VARIABLE = YES;
				MACOSX_DEPLOYMENT_TARGET = 10.9;
				MTL_ENABLE_DEBUG_INFO = YES;
				ONLY_ACTIVE_ARCH = YES;
				SDKROOT = macosx;
			};
			name = Debug;
		};
		EBA6A77D1C5ECC28006BB743 /* Release */ = {
			isa = XCBuildConfiguration;
			buildSettings = {
				ALWAYS_SEARCH_USER_PATHS = NO;
				CLANG_CXX_LANGUAGE_STANDARD = "gnu++0x";
				CLANG_CXX_LIBRARY = "libc++";
				CLANG_ENABLE_MODULES = YES;
				CLANG_ENABLE_OBJC_ARC = YES;
				CLANG_WARN_BOOL_CONVERSION = YES;
				CLANG_WARN_CONSTANT_CONVERSION = YES;
				CLANG_WARN_DIRECT_OBJC_ISA_USAGE = YES_ERROR;
				CLANG_WARN_EMPTY_BODY = YES;
				CLANG_WARN_ENUM_CONVERSION = YES;
				CLANG_WARN_INT_CONVERSION = YES;
				CLANG_WARN_OBJC_ROOT_CLASS = YES_ERROR;
				CLANG_WARN_UNREACHABLE_CODE = YES;
				CLANG_WARN__DUPLICATE_METHOD_MATCH = YES;
				COPY_PHASE_STRIP = NO;
				DEBUG_INFORMATION_FORMAT = "dwarf-with-dsym";
				ENABLE_NS_ASSERTIONS = NO;
				ENABLE_STRICT_OBJC_MSGSEND = YES;
				GCC_C_LANGUAGE_STANDARD = gnu99;
				GCC_WARN_64_TO_32_BIT_CONVERSION = YES;
				GCC_WARN_ABOUT_RETURN_TYPE = YES_ERROR;
				GCC_WARN_UNDECLARED_SELECTOR = YES;
				GCC_WARN_UNINITIALIZED_AUTOS = YES_AGGRESSIVE;
				GCC_WARN_UNUSED_FUNCTION = YES;
				GCC_WARN_UNUSED_VARIABLE = YES;
				MACOSX_DEPLOYMENT_TARGET = 10.9;
				MTL_ENABLE_DEBUG_INFO = NO;
				SDKROOT = macosx;
			};
			name = Release;
		};
		EBA6A77F1C5ECC28006BB743 /* Debug */ = {
			isa = XCBuildConfiguration;
			buildSettings = {
				PRODUCT_NAME = "$(TARGET_NAME)";
			};
			name = Debug;
		};
		EBA6A7801C5ECC28006BB743 /* Release */ = {
			isa = XCBuildConfiguration;
			buildSettings = {
				PRODUCT_NAME = "$(TARGET_NAME)";
			};
			name = Release;
		};
/* End XCBuildConfiguration section */

/* Begin XCConfigurationList section */
		EBA6A7721C5ECC28006BB743 /* Build configuration list for PBXProject "circlular array" */ = {
			isa = XCConfigurationList;
			buildConfigurations = (
				EBA6A77C1C5ECC28006BB743 /* Debug */,
				EBA6A77D1C5ECC28006BB743 /* Release */,
			);
			defaultConfigurationIsVisible = 0;
			defaultConfigurationName = Release;
		};
		EBA6A77E1C5ECC28006BB743 /* Build configuration list for PBXNativeTarget "circlular array" */ = {
			isa = XCConfigurationList;
			buildConfigurations = (
				EBA6A77F1C5ECC28006BB743 /* Debug */,
				EBA6A7801C5ECC28006BB743 /* Release */,
			);
			defaultConfigurationIsVisible = 0;
			defaultConfigurationName = Release;
		};
/* End XCConfigurationList section */
	};
	rootObject = EBA6A76F1C5ECC28006BB743 /* Project object */;
}
